
Microsoft Visual Studio Solution File, Format Version 12.00
# Visual Studio Version 17
VisualStudioVersion = 17.10.35013.160
MinimumVisualStudioVersion = 10.0.40219.1
Project("{FAE04EC0-301F-11D3-BF4B-00C04F79EFBC}") = "EntradaDados", "EntradaDados\EntradaDados.csproj", "{66F2070B-D58A-4A9C-A62D-7C4FAAFFA928}"
EndProject
Global
	GlobalSection(SolutionConfigurationPlatforms) = preSolution
		Debug|Any CPU = Debug|Any CPU
		Release|Any CPU = Release|Any CPU
	EndGlobalSection
	GlobalSection(ProjectConfigurationPlatforms) = postSolution
		{66F2070B-D58A-4A9C-A62D-7C4FAAFFA928}.Debug|Any CPU.ActiveCfg = Debug|Any CPU
		{66F2070B-D58A-4A9C-A62D-7C4FAAFFA928}.Debug|Any CPU.Build.0 = Debug|Any CPU
		{66F2070B-D58A-4A9C-A62D-7C4FAAFFA928}.Release|Any CPU.ActiveCfg = Release|Any CPU
		{66F2070B-D58A-4A9C-A62D-7C4FAAFFA928}.Release|Any CPU.Build.0 = Release|Any CPU
	EndGlobalSection
	GlobalSection(SolutionProperties) = preSolution
		HideSolutionNode = FALSE
	EndGlobalSection
	GlobalSection(ExtensibilityGlobals) = postSolution
		SolutionGuid = {B46B4F00-E533-4AFD-8698-954E176B4BD3}
	EndGlobalSection
EndGlobal
